// !$*UTF8*$!
{
	archiveVersion = 1;
	classes = {
	};
	objectVersion = 56;
	objects = {

/* Begin PBXBuildFile section */
		4B55782B2A0D28E700D36CCF /* Lead_Dinotis_Week_1App.swift in Sources */ = {isa = PBXBuildFile; fileRef = 4B55782A2A0D28E700D36CCF /* Lead_Dinotis_Week_1App.swift */; };
		4B55782D2A0D28E700D36CCF /* ContentView.swift in Sources */ = {isa = PBXBuildFile; fileRef = 4B55782C2A0D28E700D36CCF /* ContentView.swift */; };
		4B55782F2A0D28E800D36CCF /* Assets.xcassets in Resources */ = {isa = PBXBuildFile; fileRef = 4B55782E2A0D28E800D36CCF /* Assets.xcassets */; };
		4B5578322A0D28E800D36CCF /* Preview Assets.xcassets in Resources */ = {isa = PBXBuildFile; fileRef = 4B5578312A0D28E800D36CCF /* Preview Assets.xcassets */; };
		4B55783C2A0D28E800D36CCF /* Lead_Dinotis_Week_1Tests.swift in Sources */ = {isa = PBXBuildFile; fileRef = 4B55783B2A0D28E800D36CCF /* Lead_Dinotis_Week_1Tests.swift */; };
		4B5578462A0D28E800D36CCF /* Lead_Dinotis_Week_1UITests.swift in Sources */ = {isa = PBXBuildFile; fileRef = 4B5578452A0D28E800D36CCF /* Lead_Dinotis_Week_1UITests.swift */; };
		4B5578482A0D28E800D36CCF /* Lead_Dinotis_Week_1UITestsLaunchTests.swift in Sources */ = {isa = PBXBuildFile; fileRef = 4B5578472A0D28E800D36CCF /* Lead_Dinotis_Week_1UITestsLaunchTests.swift */; };
/* End PBXBuildFile section */

/* Begin PBXContainerItemProxy section */
		4B5578382A0D28E800D36CCF /* PBXContainerItemProxy */ = {
			isa = PBXContainerItemProxy;
			containerPortal = 4B55781F2A0D28E600D36CCF /* Project object */;
			proxyType = 1;
			remoteGlobalIDString = 4B5578262A0D28E600D36CCF;
			remoteInfo = "Lead Dinotis Week 1";
		};
		4B5578422A0D28E800D36CCF /* PBXContainerItemProxy */ = {
			isa = PBXContainerItemProxy;
			containerPortal = 4B55781F2A0D28E600D36CCF /* Project object */;
			proxyType = 1;
			remoteGlobalIDString = 4B5578262A0D28E600D36CCF;
			remoteInfo = "Lead Dinotis Week 1";
		};
/* End PBXContainerItemProxy section */

/* Begin PBXFileReference section */
		4B5578272A0D28E700D36CCF /* Lead Dinotis Week 1.app */ = {isa = PBXFileReference; explicitFileType = wrapper.application; includeInIndex = 0; path = "Lead Dinotis Week 1.app"; sourceTree = BUILT_PRODUCTS_DIR; };
		4B55782A2A0D28E700D36CCF /* Lead_Dinotis_Week_1App.swift */ = {isa = PBXFileReference; lastKnownFileType = sourcecode.swift; path = Lead_Dinotis_Week_1App.swift; sourceTree = "<group>"; };
		4B55782C2A0D28E700D36CCF /* ContentView.swift */ = {isa = PBXFileReference; lastKnownFileType = sourcecode.swift; path = ContentView.swift; sourceTree = "<group>"; };
		4B55782E2A0D28E800D36CCF /* Assets.xcassets */ = {isa = PBXFileReference; lastKnownFileType = folder.assetcatalog; path = Assets.xcassets; sourceTree = "<group>"; };
		4B5578312A0D28E800D36CCF /* Preview Assets.xcassets */ = {isa = PBXFileReference; lastKnownFileType = folder.assetcatalog; path = "Preview Assets.xcassets"; sourceTree = "<group>"; };
		4B5578372A0D28E800D36CCF /* Lead Dinotis Week 1Tests.xctest */ = {isa = PBXFileReference; explicitFileType = wrapper.cfbundle; includeInIndex = 0; path = "Lead Dinotis Week 1Tests.xctest"; sourceTree = BUILT_PRODUCTS_DIR; };
		4B55783B2A0D28E800D36CCF /* Lead_Dinotis_Week_1Tests.swift */ = {isa = PBXFileReference; lastKnownFileType = sourcecode.swift; path = Lead_Dinotis_Week_1Tests.swift; sourceTree = "<group>"; };
		4B5578412A0D28E800D36CCF /* Lead Dinotis Week 1UITests.xctest */ = {isa = PBXFileReference; explicitFileType = wrapper.cfbundle; includeInIndex = 0; path = "Lead Dinotis Week 1UITests.xctest"; sourceTree = BUILT_PRODUCTS_DIR; };
		4B5578452A0D28E800D36CCF /* Lead_Dinotis_Week_1UITests.swift */ = {isa = PBXFileReference; lastKnownFileType = sourcecode.swift; path = Lead_Dinotis_Week_1UITests.swift; sourceTree = "<group>"; };
		4B5578472A0D28E800D36CCF /* Lead_Dinotis_Week_1UITestsLaunchTests.swift */ = {isa = PBXFileReference; lastKnownFileType = sourcecode.swift; path = Lead_Dinotis_Week_1UITestsLaunchTests.swift; sourceTree = "<group>"; };
/* End PBXFileReference section */

/* Begin PBXFrameworksBuildPhase section */
		4B5578242A0D28E600D36CCF /* Frameworks */ = {
			isa = PBXFrameworksBuildPhase;
			buildActionMask = 2147483647;
			files = (
			);
			runOnlyForDeploymentPostprocessing = 0;
		};
		4B5578342A0D28E800D36CCF /* Frameworks */ = {
			isa = PBXFrameworksBuildPhase;
			buildActionMask = 2147483647;
			files = (
			);
			runOnlyForDeploymentPostprocessing = 0;
		};
		4B55783E2A0D28E800D36CCF /* Frameworks */ = {
			isa = PBXFrameworksBuildPhase;
			buildActionMask = 2147483647;
			files = (
			);
			runOnlyForDeploymentPostprocessing = 0;
		};
/* End PBXFrameworksBuildPhase section */

/* Begin PBXGroup section */
		4B55781E2A0D28E600D36CCF = {
			isa = PBXGroup;
			children = (
				4B5578292A0D28E700D36CCF /* Lead Dinotis Week 1 */,
				4B55783A2A0D28E800D36CCF /* Lead Dinotis Week 1Tests */,
				4B5578442A0D28E800D36CCF /* Lead Dinotis Week 1UITests */,
				4B5578282A0D28E700D36CCF /* Products */,
			);
			sourceTree = "<group>";
		};
		4B5578282A0D28E700D36CCF /* Products */ = {
			isa = PBXGroup;
			children = (
				4B5578272A0D28E700D36CCF /* Lead Dinotis Week 1.app */,
				4B5578372A0D28E800D36CCF /* Lead Dinotis Week 1Tests.xctest */,
				4B5578412A0D28E800D36CCF /* Lead Dinotis Week 1UITests.xctest */,
			);
			name = Products;
			sourceTree = "<group>";
		};
		4B5578292A0D28E700D36CCF /* Lead Dinotis Week 1 */ = {
			isa = PBXGroup;
			children = (
				4B55782A2A0D28E700D36CCF /* Lead_Dinotis_Week_1App.swift */,
				4B55782C2A0D28E700D36CCF /* ContentView.swift */,
				4B55782E2A0D28E800D36CCF /* Assets.xcassets */,
				4B5578302A0D28E800D36CCF /* Preview Content */,
			);
			path = "Lead Dinotis Week 1";
			sourceTree = "<group>";
		};
		4B5578302A0D28E800D36CCF /* Preview Content */ = {
			isa = PBXGroup;
			children = (
				4B5578312A0D28E800D36CCF /* Preview Assets.xcassets */,
			);
			path = "Preview Content";
			sourceTree = "<group>";
		};
		4B55783A2A0D28E800D36CCF /* Lead Dinotis Week 1Tests */ = {
			isa = PBXGroup;
			children = (
				4B55783B2A0D28E800D36CCF /* Lead_Dinotis_Week_1Tests.swift */,
			);
			path = "Lead Dinotis Week 1Tests";
			sourceTree = "<group>";
		};
		4B5578442A0D28E800D36CCF /* Lead Dinotis Week 1UITests */ = {
			isa = PBXGroup;
			children = (
				4B5578452A0D28E800D36CCF /* Lead_Dinotis_Week_1UITests.swift */,
				4B5578472A0D28E800D36CCF /* Lead_Dinotis_Week_1UITestsLaunchTests.swift */,
			);
			path = "Lead Dinotis Week 1UITests";
			sourceTree = "<group>";
		};
/* End PBXGroup section */

/* Begin PBXNativeTarget section */
		4B5578262A0D28E600D36CCF /* Lead Dinotis Week 1 */ = {
			isa = PBXNativeTarget;
			buildConfigurationList = 4B55784B2A0D28E800D36CCF /* Build configuration list for PBXNativeTarget "Lead Dinotis Week 1" */;
			buildPhases = (
				4B5578232A0D28E600D36CCF /* Sources */,
				4B5578242A0D28E600D36CCF /* Frameworks */,
				4B5578252A0D28E600D36CCF /* Resources */,
			);
			buildRules = (
			);
			dependencies = (
			);
			name = "Lead Dinotis Week 1";
			productName = "Lead Dinotis Week 1";
			productReference = 4B5578272A0D28E700D36CCF /* Lead Dinotis Week 1.app */;
			productType = "com.apple.product-type.application";
		};
		4B5578362A0D28E800D36CCF /* Lead Dinotis Week 1Tests */ = {
			isa = PBXNativeTarget;
			buildConfigurationList = 4B55784E2A0D28E800D36CCF /* Build configuration list for PBXNativeTarget "Lead Dinotis Week 1Tests" */;
			buildPhases = (
				4B5578332A0D28E800D36CCF /* Sources */,
				4B5578342A0D28E800D36CCF /* Frameworks */,
				4B5578352A0D28E800D36CCF /* Resources */,
			);
			buildRules = (
			);
			dependencies = (
				4B5578392A0D28E800D36CCF /* PBXTargetDependency */,
			);
			name = "Lead Dinotis Week 1Tests";
			productName = "Lead Dinotis Week 1Tests";
			productReference = 4B5578372A0D28E800D36CCF /* Lead Dinotis Week 1Tests.xctest */;
			productType = "com.apple.product-type.bundle.unit-test";
		};
		4B5578402A0D28E800D36CCF /* Lead Dinotis Week 1UITests */ = {
			isa = PBXNativeTarget;
			buildConfigurationList = 4B5578512A0D28E800D36CCF /* Build configuration list for PBXNativeTarget "Lead Dinotis Week 1UITests" */;
			buildPhases = (
				4B55783D2A0D28E800D36CCF /* Sources */,
				4B55783E2A0D28E800D36CCF /* Frameworks */,
				4B55783F2A0D28E800D36CCF /* Resources */,
			);
			buildRules = (
			);
			dependencies = (
				4B5578432A0D28E800D36CCF /* PBXTargetDependency */,
			);
			name = "Lead Dinotis Week 1UITests";
			productName = "Lead Dinotis Week 1UITests";
			productReference = 4B5578412A0D28E800D36CCF /* Lead Dinotis Week 1UITests.xctest */;
			productType = "com.apple.product-type.bundle.ui-testing";
		};
/* End PBXNativeTarget section */

/* Begin PBXProject section */
		4B55781F2A0D28E600D36CCF /* Project object */ = {
			isa = PBXProject;
			attributes = {
				BuildIndependentTargetsInParallel = 1;
				LastSwiftUpdateCheck = 1420;
				LastUpgradeCheck = 1420;
				TargetAttributes = {
					4B5578262A0D28E600D36CCF = {
						CreatedOnToolsVersion = 14.2;
					};
					4B5578362A0D28E800D36CCF = {
						CreatedOnToolsVersion = 14.2;
						TestTargetID = 4B5578262A0D28E600D36CCF;
					};
					4B5578402A0D28E800D36CCF = {
						CreatedOnToolsVersion = 14.2;
						TestTargetID = 4B5578262A0D28E600D36CCF;
					};
				};
			};
			buildConfigurationList = 4B5578222A0D28E600D36CCF /* Build configuration list for PBXProject "Lead Dinotis Week 1" */;
			compatibilityVersion = "Xcode 14.0";
			developmentRegion = en;
			hasScannedForEncodings = 0;
			knownRegions = (
				en,
				Base,
			);
			mainGroup = 4B55781E2A0D28E600D36CCF;
			productRefGroup = 4B5578282A0D28E700D36CCF /* Products */;
			projectDirPath = "";
			projectRoot = "";
			targets = (
				4B5578262A0D28E600D36CCF /* Lead Dinotis Week 1 */,
				4B5578362A0D28E800D36CCF /* Lead Dinotis Week 1Tests */,
				4B5578402A0D28E800D36CCF /* Lead Dinotis Week 1UITests */,
			);
		};
/* End PBXProject section */

/* Begin PBXResourcesBuildPhase section */
		4B5578252A0D28E600D36CCF /* Resources */ = {
			isa = PBXResourcesBuildPhase;
			buildActionMask = 2147483647;
			files = (
				4B5578322A0D28E800D36CCF /* Preview Assets.xcassets in Resources */,
				4B55782F2A0D28E800D36CCF /* Assets.xcassets in Resources */,
			);
			runOnlyForDeploymentPostprocessing = 0;
		};
		4B5578352A0D28E800D36CCF /* Resources */ = {
			isa = PBXResourcesBuildPhase;
			buildActionMask = 2147483647;
			files = (
			);
			runOnlyForDeploymentPostprocessing = 0;
		};
		4B55783F2A0D28E800D36CCF /* Resources */ = {
			isa = PBXResourcesBuildPhase;
			buildActionMask = 2147483647;
			files = (
			);
			runOnlyForDeploymentPostprocessing = 0;
		};
/* End PBXResourcesBuildPhase section */

/* Begin PBXSourcesBuildPhase section */
		4B5578232A0D28E600D36CCF /* Sources */ = {
			isa = PBXSourcesBuildPhase;
			buildActionMask = 2147483647;
			files = (
				4B55782D2A0D28E700D36CCF /* ContentView.swift in Sources */,
				4B55782B2A0D28E700D36CCF /* Lead_Dinotis_Week_1App.swift in Sources */,
			);
			runOnlyForDeploymentPostprocessing = 0;
		};
		4B5578332A0D28E800D36CCF /* Sources */ = {
			isa = PBXSourcesBuildPhase;
			buildActionMask = 2147483647;
			files = (
				4B55783C2A0D28E800D36CCF /* Lead_Dinotis_Week_1Tests.swift in Sources */,
			);
			runOnlyForDeploymentPostprocessing = 0;
		};
		4B55783D2A0D28E800D36CCF /* Sources */ = {
			isa = PBXSourcesBuildPhase;
			buildActionMask = 2147483647;
			files = (
				4B5578462A0D28E800D36CCF /* Lead_Dinotis_Week_1UITests.swift in Sources */,
				4B5578482A0D28E800D36CCF /* Lead_Dinotis_Week_1UITestsLaunchTests.swift in Sources */,
			);
			runOnlyForDeploymentPostprocessing = 0;
		};
/* End PBXSourcesBuildPhase section */

/* Begin PBXTargetDependency section */
		4B5578392A0D28E800D36CCF /* PBXTargetDependency */ = {
			isa = PBXTargetDependency;
			target = 4B5578262A0D28E600D36CCF /* Lead Dinotis Week 1 */;
			targetProxy = 4B5578382A0D28E800D36CCF /* PBXContainerItemProxy */;
		};
		4B5578432A0D28E800D36CCF /* PBXTargetDependency */ = {
			isa = PBXTargetDependency;
			target = 4B5578262A0D28E600D36CCF /* Lead Dinotis Week 1 */;
			targetProxy = 4B5578422A0D28E800D36CCF /* PBXContainerItemProxy */;
		};
/* End PBXTargetDependency section */

/* Begin XCBuildConfiguration section */
		4B5578492A0D28E800D36CCF /* Debug */ = {
			isa = XCBuildConfiguration;
			buildSettings = {
				ALWAYS_SEARCH_USER_PATHS = NO;
				CLANG_ANALYZER_NONNULL = YES;
				CLANG_ANALYZER_NUMBER_OBJECT_CONVERSION = YES_AGGRESSIVE;
				CLANG_CXX_LANGUAGE_STANDARD = "gnu++20";
				CLANG_ENABLE_MODULES = YES;
				CLANG_ENABLE_OBJC_ARC = YES;
				CLANG_ENABLE_OBJC_WEAK = YES;
				CLANG_WARN_BLOCK_CAPTURE_AUTORELEASING = YES;
				CLANG_WARN_BOOL_CONVERSION = YES;
				CLANG_WARN_COMMA = YES;
				CLANG_WARN_CONSTANT_CONVERSION = YES;
				CLANG_WARN_DEPRECATED_OBJC_IMPLEMENTATIONS = YES;
				CLANG_WARN_DIRECT_OBJC_ISA_USAGE = YES_ERROR;
				CLANG_WARN_DOCUMENTATION_COMMENTS = YES;
				CLANG_WARN_EMPTY_BODY = YES;
				CLANG_WARN_ENUM_CONVERSION = YES;
				CLANG_WARN_INFINITE_RECURSION = YES;
				CLANG_WARN_INT_CONVERSION = YES;
				CLANG_WARN_NON_LITERAL_NULL_CONVERSION = YES;
				CLANG_WARN_OBJC_IMPLICIT_RETAIN_SELF = YES;
				CLANG_WARN_OBJC_LITERAL_CONVERSION = YES;
				CLANG_WARN_OBJC_ROOT_CLASS = YES_ERROR;
				CLANG_WARN_QUOTED_INCLUDE_IN_FRAMEWORK_HEADER = YES;
				CLANG_WARN_RANGE_LOOP_ANALYSIS = YES;
				CLANG_WARN_STRICT_PROTOTYPES = YES;
				CLANG_WARN_SUSPICIOUS_MOVE = YES;
				CLANG_WARN_UNGUARDED_AVAILABILITY = YES_AGGRESSIVE;
				CLANG_WARN_UNREACHABLE_CODE = YES;
				CLANG_WARN__DUPLICATE_METHOD_MATCH = YES;
				COPY_PHASE_STRIP = NO;
				DEBUG_INFORMATION_FORMAT = dwarf;
				ENABLE_STRICT_OBJC_MSGSEND = YES;
				ENABLE_TESTABILITY = YES;
				GCC_C_LANGUAGE_STANDARD = gnu11;
				GCC_DYNAMIC_NO_PIC = NO;
				GCC_NO_COMMON_BLOCKS = YES;
				GCC_OPTIMIZATION_LEVEL = 0;
				GCC_PREPROCESSOR_DEFINITIONS = (
					"DEBUG=1",
					"$(inherited)",
				);
				GCC_WARN_64_TO_32_BIT_CONVERSION = YES;
				GCC_WARN_ABOUT_RETURN_TYPE = YES_ERROR;
				GCC_WARN_UNDECLARED_SELECTOR = YES;
				GCC_WARN_UNINITIALIZED_AUTOS = YES_AGGRESSIVE;
				GCC_WARN_UNUSED_FUNCTION = YES;
				GCC_WARN_UNUSED_VARIABLE = YES;
				IPHONEOS_DEPLOYMENT_TARGET = 16.2;
				MTL_ENABLE_DEBUG_INFO = INCLUDE_SOURCE;
				MTL_FAST_MATH = YES;
				ONLY_ACTIVE_ARCH = YES;
				SDKROOT = iphoneos;
				SWIFT_ACTIVE_COMPILATION_CONDITIONS = DEBUG;
				SWIFT_OPTIMIZATION_LEVEL = "-Onone";
			};
			name = Debug;
		};
		4B55784A2A0D28E800D36CCF /* Release */ = {
			isa = XCBuildConfiguration;
			buildSettings = {
				ALWAYS_SEARCH_USER_PATHS = NO;
				CLANG_ANALYZER_NONNULL = YES;
				CLANG_ANALYZER_NUMBER_OBJECT_CONVERSION = YES_AGGRESSIVE;
				CLANG_CXX_LANGUAGE_STANDARD = "gnu++20";
				CLANG_ENABLE_MODULES = YES;
				CLANG_ENABLE_OBJC_ARC = YES;
				CLANG_ENABLE_OBJC_WEAK = YES;
				CLANG_WARN_BLOCK_CAPTURE_AUTORELEASING = YES;
				CLANG_WARN_BOOL_CONVERSION = YES;
				CLANG_WARN_COMMA = YES;
				CLANG_WARN_CONSTANT_CONVERSION = YES;
				CLANG_WARN_DEPRECATED_OBJC_IMPLEMENTATIONS = YES;
				CLANG_WARN_DIRECT_OBJC_ISA_USAGE = YES_ERROR;
				CLANG_WARN_DOCUMENTATION_COMMENTS = YES;
				CLANG_WARN_EMPTY_BODY = YES;
				CLANG_WARN_ENUM_CONVERSION = YES;
				CLANG_WARN_INFINITE_RECURSION = YES;
				CLANG_WARN_INT_CONVERSION = YES;
				CLANG_WARN_NON_LITERAL_NULL_CONVERSION = YES;
				CLANG_WARN_OBJC_IMPLICIT_RETAIN_SELF = YES;
				CLANG_WARN_OBJC_LITERAL_CONVERSION = YES;
				CLANG_WARN_OBJC_ROOT_CLASS = YES_ERROR;
				CLANG_WARN_QUOTED_INCLUDE_IN_FRAMEWORK_HEADER = YES;
				CLANG_WARN_RANGE_LOOP_ANALYSIS = YES;
				CLANG_WARN_STRICT_PROTOTYPES = YES;
				CLANG_WARN_SUSPICIOUS_MOVE = YES;
				CLANG_WARN_UNGUARDED_AVAILABILITY = YES_AGGRESSIVE;
				CLANG_WARN_UNREACHABLE_CODE = YES;
				CLANG_WARN__DUPLICATE_METHOD_MATCH = YES;
				COPY_PHASE_STRIP = NO;
				DEBUG_INFORMATION_FORMAT = "dwarf-with-dsym";
				ENABLE_NS_ASSERTIONS = NO;
				ENABLE_STRICT_OBJC_MSGSEND = YES;
				GCC_C_LANGUAGE_STANDARD = gnu11;
				GCC_NO_COMMON_BLOCKS = YES;
				GCC_WARN_64_TO_32_BIT_CONVERSION = YES;
				GCC_WARN_ABOUT_RETURN_TYPE = YES_ERROR;
				GCC_WARN_UNDECLARED_SELECTOR = YES;
				GCC_WARN_UNINITIALIZED_AUTOS = YES_AGGRESSIVE;
				GCC_WARN_UNUSED_FUNCTION = YES;
				GCC_WARN_UNUSED_VARIABLE = YES;
				IPHONEOS_DEPLOYMENT_TARGET = 16.2;
				MTL_ENABLE_DEBUG_INFO = NO;
				MTL_FAST_MATH = YES;
				SDKROOT = iphoneos;
				SWIFT_COMPILATION_MODE = wholemodule;
				SWIFT_OPTIMIZATION_LEVEL = "-O";
				VALIDATE_PRODUCT = YES;
			};
			name = Release;
		};
		4B55784C2A0D28E800D36CCF /* Debug */ = {
			isa = XCBuildConfiguration;
			buildSettings = {
				ASSETCATALOG_COMPILER_APPICON_NAME = AppIcon;
				ASSETCATALOG_COMPILER_GLOBAL_ACCENT_COLOR_NAME = AccentColor;
				CODE_SIGN_STYLE = Automatic;
				CURRENT_PROJECT_VERSION = 1;
				DEVELOPMENT_ASSET_PATHS = "\"Lead Dinotis Week 1/Preview Content\"";
				ENABLE_PREVIEWS = YES;
				GENERATE_INFOPLIST_FILE = YES;
				INFOPLIST_KEY_UIApplicationSceneManifest_Generation = YES;
				INFOPLIST_KEY_UIApplicationSupportsIndirectInputEvents = YES;
				INFOPLIST_KEY_UILaunchScreen_Generation = YES;
				INFOPLIST_KEY_UISupportedInterfaceOrientations_iPad = "UIInterfaceOrientationPortrait UIInterfaceOrientationPortraitUpsideDown UIInterfaceOrientationLandscapeLeft UIInterfaceOrientationLandscapeRight";
				INFOPLIST_KEY_UISupportedInterfaceOrientations_iPhone = "UIInterfaceOrientationPortrait UIInterfaceOrientationLandscapeLeft UIInterfaceOrientationLandscapeRight";
				LD_RUNPATH_SEARCH_PATHS = (
					"$(inherited)",
					"@executable_path/Frameworks",
				);
				MARKETING_VERSION = 1.0;
				PRODUCT_BUNDLE_IDENTIFIER = "indramahesa.Lead-Dinotis-Week-1";
				PRODUCT_NAME = "$(TARGET_NAME)";
				SWIFT_EMIT_LOC_STRINGS = YES;
				SWIFT_VERSION = 5.0;
				TARGETED_DEVICE_FAMILY = "1,2";
			};
			name = Debug;
		};
		4B55784D2A0D28E800D36CCF /* Release */ = {
			isa = XCBuildConfiguration;
			buildSettings = {
				ASSETCATALOG_COMPILER_APPICON_NAME = AppIcon;
				ASSETCATALOG_COMPILER_GLOBAL_ACCENT_COLOR_NAME = AccentColor;
				CODE_SIGN_STYLE = Automatic;
				CURRENT_PROJECT_VERSION = 1;
				DEVELOPMENT_ASSET_PATHS = "\"Lead Dinotis Week 1/Preview Content\"";
				ENABLE_PREVIEWS = YES;
				GENERATE_INFOPLIST_FILE = YES;
				INFOPLIST_KEY_UIApplicationSceneManifest_Generation = YES;
				INFOPLIST_KEY_UIApplicationSupportsIndirectInputEvents = YES;
				INFOPLIST_KEY_UILaunchScreen_Generation = YES;
				INFOPLIST_KEY_UISupportedInterfaceOrientations_iPad = "UIInterfaceOrientationPortrait UIInterfaceOrientationPortraitUpsideDown UIInterfaceOrientationLandscapeLeft UIInterfaceOrientationLandscapeRight";
				INFOPLIST_KEY_UISupportedInterfaceOrientations_iPhone = "UIInterfaceOrientationPortrait UIInterfaceOrientationLandscapeLeft UIInterfaceOrientationLandscapeRight";
				LD_RUNPATH_SEARCH_PATHS = (
					"$(inherited)",
					"@executable_path/Frameworks",
				);
				MARKETING_VERSION = 1.0;
				PRODUCT_BUNDLE_IDENTIFIER = "indramahesa.Lead-Dinotis-Week-1";
				PRODUCT_NAME = "$(TARGET_NAME)";
				SWIFT_EMIT_LOC_STRINGS = YES;
				SWIFT_VERSION = 5.0;
				TARGETED_DEVICE_FAMILY = "1,2";
			};
			name = Release;
		};
		4B55784F2A0D28E800D36CCF /* Debug */ = {
			isa = XCBuildConfiguration;
			buildSettings = {
				ALWAYS_EMBED_SWIFT_STANDARD_LIBRARIES = YES;
				BUNDLE_LOADER = "$(TEST_HOST)";
				CODE_SIGN_STYLE = Automatic;
				CURRENT_PROJECT_VERSION = 1;
				GENERATE_INFOPLIST_FILE = YES;
				IPHONEOS_DEPLOYMENT_TARGET = 16.2;
				MARKETING_VERSION = 1.0;
				PRODUCT_BUNDLE_IDENTIFIER = "indramahesa.Lead-Dinotis-Week-1Tests";
				PRODUCT_NAME = "$(TARGET_NAME)";
				SWIFT_EMIT_LOC_STRINGS = NO;
				SWIFT_VERSION = 5.0;
				TARGETED_DEVICE_FAMILY = "1,2";
				TEST_HOST = "$(BUILT_PRODUCTS_DIR)/Lead Dinotis Week 1.app/$(BUNDLE_EXECUTABLE_FOLDER_PATH)/Lead Dinotis Week 1";
			};
			name = Debug;
		};
		4B5578502A0D28E800D36CCF /* Release */ = {
			isa = XCBuildConfiguration;
			buildSettings = {
				ALWAYS_EMBED_SWIFT_STANDARD_LIBRARIES = YES;
				BUNDLE_LOADER = "$(TEST_HOST)";
				CODE_SIGN_STYLE = Automatic;
				CURRENT_PROJECT_VERSION = 1;
				GENERATE_INFOPLIST_FILE = YES;
				IPHONEOS_DEPLOYMENT_TARGET = 16.2;
				MARKETING_VERSION = 1.0;
				PRODUCT_BUNDLE_IDENTIFIER = "indramahesa.Lead-Dinotis-Week-1Tests";
				PRODUCT_NAME = "$(TARGET_NAME)";
				SWIFT_EMIT_LOC_STRINGS = NO;
				SWIFT_VERSION = 5.0;
				TARGETED_DEVICE_FAMILY = "1,2";
				TEST_HOST = "$(BUILT_PRODUCTS_DIR)/Lead Dinotis Week 1.app/$(BUNDLE_EXECUTABLE_FOLDER_PATH)/Lead Dinotis Week 1";
			};
			name = Release;
		};
		4B5578522A0D28E800D36CCF /* Debug */ = {
			isa = XCBuildConfiguration;
			buildSettings = {
				ALWAYS_EMBED_SWIFT_STANDARD_LIBRARIES = YES;
				CODE_SIGN_STYLE = Automatic;
				CURRENT_PROJECT_VERSION = 1;
				GENERATE_INFOPLIST_FILE = YES;
				MARKETING_VERSION = 1.0;
				PRODUCT_BUNDLE_IDENTIFIER = "indramahesa.Lead-Dinotis-Week-1UITests";
				PRODUCT_NAME = "$(TARGET_NAME)";
				SWIFT_EMIT_LOC_STRINGS = NO;
				SWIFT_VERSION = 5.0;
				TARGETED_DEVICE_FAMILY = "1,2";
				TEST_TARGET_NAME = "Lead Dinotis Week 1";
			};
			name = Debug;
		};
		4B5578532A0D28E800D36CCF /* Release */ = {
			isa = XCBuildConfiguration;
			buildSettings = {
				ALWAYS_EMBED_SWIFT_STANDARD_LIBRARIES = YES;
				CODE_SIGN_STYLE = Automatic;
				CURRENT_PROJECT_VERSION = 1;
				GENERATE_INFOPLIST_FILE = YES;
				MARKETING_VERSION = 1.0;
				PRODUCT_BUNDLE_IDENTIFIER = "indramahesa.Lead-Dinotis-Week-1UITests";
				PRODUCT_NAME = "$(TARGET_NAME)";
				SWIFT_EMIT_LOC_STRINGS = NO;
				SWIFT_VERSION = 5.0;
				TARGETED_DEVICE_FAMILY = "1,2";
				TEST_TARGET_NAME = "Lead Dinotis Week 1";
			};
			name = Release;
		};
/* End XCBuildConfiguration section */

/* Begin XCConfigurationList section */
		4B5578222A0D28E600D36CCF /* Build configuration list for PBXProject "Lead Dinotis Week 1" */ = {
			isa = XCConfigurationList;
			buildConfigurations = (
				4B5578492A0D28E800D36CCF /* Debug */,
				4B55784A2A0D28E800D36CCF /* Release */,
			);
			defaultConfigurationIsVisible = 0;
			defaultConfigurationName = Release;
		};
		4B55784B2A0D28E800D36CCF /* Build configuration list for PBXNativeTarget "Lead Dinotis Week 1" */ = {
			isa = XCConfigurationList;
			buildConfigurations = (
				4B55784C2A0D28E800D36CCF /* Debug */,
				4B55784D2A0D28E800D36CCF /* Release */,
			);
			defaultConfigurationIsVisible = 0;
			defaultConfigurationName = Release;
		};
		4B55784E2A0D28E800D36CCF /* Build configuration list for PBXNativeTarget "Lead Dinotis Week 1Tests" */ = {
			isa = XCConfigurationList;
			buildConfigurations = (
				4B55784F2A0D28E800D36CCF /* Debug */,
				4B5578502A0D28E800D36CCF /* Release */,
			);
			defaultConfigurationIsVisible = 0;
			defaultConfigurationName = Release;
		};
		4B5578512A0D28E800D36CCF /* Build configuration list for PBXNativeTarget "Lead Dinotis Week 1UITests" */ = {
			isa = XCConfigurationList;
			buildConfigurations = (
				4B5578522A0D28E800D36CCF /* Debug */,
				4B5578532A0D28E800D36CCF /* Release */,
			);
			defaultConfigurationIsVisible = 0;
			defaultConfigurationName = Release;
		};
/* End XCConfigurationList section */
	};
	rootObject = 4B55781F2A0D28E600D36CCF /* Project object */;
}
